// !$*UTF8*$!
{
	archiveVersion = 1;
	classes = {
	};
	objectVersion = 77;
	objects = {

/* Begin PBXBuildFile section */
		02178CD92903D0F2545B0571 /* StatusBarController.swift in Sources */ = {isa = PBXBuildFile; fileRef = 1C4C6F22A96D7E43AB94F4D0 /* StatusBarController.swift */; };
		02C7AD9515D01D6713986320 /* PersistenceStoreTests.swift in Sources */ = {isa = PBXBuildFile; fileRef = 5373E9B2423DA2434444016E /* PersistenceStoreTests.swift */; };
		03C8B58982768B30DE81155B /* ocr-cases.json in Resources */ = {isa = PBXBuildFile; fileRef = 5024E361BE8A8371643DD609 /* ocr-cases.json */; };
		09DDBC455276DC4325A83933 /* ProgressionEngineTests.swift in Sources */ = {isa = PBXBuildFile; fileRef = 3BDA7262B910217C8212674C /* ProgressionEngineTests.swift */; };
		1BEF2A479CA08BF96390C8CB /* RouteImportServiceTests.swift in Sources */ = {isa = PBXBuildFile; fileRef = E11C1B2BB9C6CCA274A1CD0E /* RouteImportServiceTests.swift */; };
		1E18A8B50678FBF24BC4753F /* act-8.txt in Resources */ = {isa = PBXBuildFile; fileRef = C8FA100CB4C9D37F749B5300 /* act-8.txt */; };
		2159428629C5EB5061216A08 /* Cinzel-VariableFont_wght.ttf in Resources */ = {isa = PBXBuildFile; fileRef = 0B0F90EF961C72CFAB9CD0FE /* Cinzel-VariableFont_wght.ttf */; };
		21D062B4D4B589D8860CCB1F /* AppModel.swift in Sources */ = {isa = PBXBuildFile; fileRef = 4636E50F0E4570C0A330AE4C /* AppModel.swift */; };
		2ECBF7D81A51887F177BEA81 /* RouteModels.swift in Sources */ = {isa = PBXBuildFile; fileRef = C63E273738B44F053BF903C9 /* RouteModels.swift */; };
		3FFDB80FE59DB3B25CD43E6D /* areas.json in Resources */ = {isa = PBXBuildFile; fileRef = C081A0147FDA70064D923AAB /* areas.json */; };
		4089DA0F91132DDCF0A069E6 /* SettingsView.swift in Sources */ = {isa = PBXBuildFile; fileRef = B4DFFE2E166145DD0A5A6103 /* SettingsView.swift */; };
		551A9A65DC8E98DAC73D9DA9 /* ProgressionEngine.swift in Sources */ = {isa = PBXBuildFile; fileRef = 9A375E3BD9165529105C6148 /* ProgressionEngine.swift */; };
		5CD057D3EE50ACE8266AF9C4 /* AppDelegate.swift in Sources */ = {isa = PBXBuildFile; fileRef = DC49B056A4392A4306C828A9 /* AppDelegate.swift */; };
		64CAD7084FC2B2D08166C348 /* snapshot-manifest.json in Resources */ = {isa = PBXBuildFile; fileRef = 61CB359F2248E1E03747BF57 /* snapshot-manifest.json */; };
		674297E862D03D071F58E358 /* RouteParser.swift in Sources */ = {isa = PBXBuildFile; fileRef = 50ADA137C8C7694C7EB2268C /* RouteParser.swift */; };
		749F518BDA5EC6D02F2D857E /* act-10.txt in Resources */ = {isa = PBXBuildFile; fileRef = 25C9889B5BE7391EF121191E /* act-10.txt */; };
		781544046908BAED56B330BF /* BootstrapTests.swift in Sources */ = {isa = PBXBuildFile; fileRef = A88FE1B7A9F3DCFC9E5C598E /* BootstrapTests.swift */; };
		79509EE0D2D3F8DDA2B6C334 /* act-3.txt in Resources */ = {isa = PBXBuildFile; fileRef = 71F35C1923493C1995C9E8C4 /* act-3.txt */; };
		7ACD4E9701271CCF3C6BEC88 /* act-7.txt in Resources */ = {isa = PBXBuildFile; fileRef = 0EE617D75BCAFA60DAD3DA4E /* act-7.txt */; };
		7F1B1D8AC646ADC3A29AFC93 /* OverlayPanelController.swift in Sources */ = {isa = PBXBuildFile; fileRef = 7DB95752AA137C85F80E04F7 /* OverlayPanelController.swift */; };
		8A261A0872CCD3B857A61B04 /* RouteUpdateService.swift in Sources */ = {isa = PBXBuildFile; fileRef = 820911039C2921F74A474B6D /* RouteUpdateService.swift */; };
		8B0260AFD54251D986F57C6C /* RouteParserTests.swift in Sources */ = {isa = PBXBuildFile; fileRef = 18FB073B03C05C7A451BB266 /* RouteParserTests.swift */; };
		94E292B0F4B274DC2F41BF04 /* GeForceCaptureService.swift in Sources */ = {isa = PBXBuildFile; fileRef = 287582EAA32640B393F8014F /* GeForceCaptureService.swift */; };
		95785E9CD2866E1833DF4C57 /* act-6.txt in Resources */ = {isa = PBXBuildFile; fileRef = FC403E9E9FB26E5A0E7693DA /* act-6.txt */; };
		95BDFA1CAC7DA717BDD686CD /* act-4.txt in Resources */ = {isa = PBXBuildFile; fileRef = 4B9408EEBA8DD715578C1C59 /* act-4.txt */; };
		978266701530084BE6B655A2 /* GlobalHotKeyManager.swift in Sources */ = {isa = PBXBuildFile; fileRef = 8F018473E49E8C0B9EB7E302 /* GlobalHotKeyManager.swift */; };
		98B4B523827C0745B8DA8B7B /* RouteImportService.swift in Sources */ = {isa = PBXBuildFile; fileRef = D48F352004392C73B71C0633 /* RouteImportService.swift */; };
		A929F477D6177130D3DBB85C /* OverlaySnapshotTests.swift in Sources */ = {isa = PBXBuildFile; fileRef = B471C018B222BDC89EE721BB /* OverlaySnapshotTests.swift */; };
		AE5EC64DF352041DF09511C3 /* GeForceFocusMonitor.swift in Sources */ = {isa = PBXBuildFile; fileRef = DE1ECF0D84F94BFE670C032B /* GeForceFocusMonitor.swift */; };
		AE9E521574CCF5A8CA9EDBEA /* quests.json in Resources */ = {isa = PBXBuildFile; fileRef = 68F14A261244D9DE2016E00B /* quests.json */; };
		B22D81BE6DF535C9D915BEA1 /* OverlayView.swift in Sources */ = {isa = PBXBuildFile; fileRef = 0D6597EDCF5E65784A4EE407 /* OverlayView.swift */; };
		B533E9F42B0865C3B8D42F52 /* AreaMatcher.swift in Sources */ = {isa = PBXBuildFile; fileRef = 983C8C0F51C1D1E2F5A35E0E /* AreaMatcher.swift */; };
		B8334A3D879296846677FE78 /* act-9.txt in Resources */ = {isa = PBXBuildFile; fileRef = 4A2FAA60FFE5AE1DEB1122C1 /* act-9.txt */; };
		BF6DA72A844BE1D7D1C88C0A /* AreaMatcherTests.swift in Sources */ = {isa = PBXBuildFile; fileRef = D7A5AC59DB8EF7DCB9320598 /* AreaMatcherTests.swift */; };
		C3473E8DF3C32A9E60F64B87 /* Theme.swift in Sources */ = {isa = PBXBuildFile; fileRef = C1F1BFF692552AC8E88C6303 /* Theme.swift */; };
		DF2071E2BF4F9F06FB8EA495 /* RouteUpdateServiceTests.swift in Sources */ = {isa = PBXBuildFile; fileRef = 00AF4F695CF433FB2FA055E0 /* RouteUpdateServiceTests.swift */; };
		DF792B7E954F605E6868D229 /* act-5.txt in Resources */ = {isa = PBXBuildFile; fileRef = 03B4E9D31656F27AFAE97558 /* act-5.txt */; };
		E5E76C0FE7C522A698A5FAB2 /* OccultComponents.swift in Sources */ = {isa = PBXBuildFile; fileRef = 4B82C5322B3069491DB59541 /* OccultComponents.swift */; };
		EB4DC99ADD977AF324BD8C5A /* act-1.txt in Resources */ = {isa = PBXBuildFile; fileRef = 5B1725BA02480B51D68F99C3 /* act-1.txt */; };
		EBF4ACF9BFC51C19B70E0692 /* VisionTextRecognizer.swift in Sources */ = {isa = PBXBuildFile; fileRef = B7A271BBAC4401F041113890 /* VisionTextRecognizer.swift */; };
		F6DBE02ED14A156F9633E95E /* OCRCoordinator.swift in Sources */ = {isa = PBXBuildFile; fileRef = AECFDAC36928DF67FA358AA2 /* OCRCoordinator.swift */; };
		F754413F57174B14D009A1B6 /* PersistenceStore.swift in Sources */ = {isa = PBXBuildFile; fileRef = 88FBA05AE396FA4D9397C21A /* PersistenceStore.swift */; };
		FB6BB8B1A4E3EA1F1F346014 /* act-2.txt in Resources */ = {isa = PBXBuildFile; fileRef = 20B63D13F76286B7E6A1E982 /* act-2.txt */; };
		FD0F35F97A876BF8DD0E5D41 /* ExileRouteApp.swift in Sources */ = {isa = PBXBuildFile; fileRef = 14F399B0CCFD4B5033D4C2DD /* ExileRouteApp.swift */; };
		FF2BFE1E01A6129F2317EF90 /* SnapshotLoader.swift in Sources */ = {isa = PBXBuildFile; fileRef = 37674D32B38E2A9A44980E7A /* SnapshotLoader.swift */; };
/* End PBXBuildFile section */

/* Begin PBXContainerItemProxy section */
		FA7090680200ED7A035FBA38 /* PBXContainerItemProxy */ = {
			isa = PBXContainerItemProxy;
			containerPortal = 35C7F1E9F89327D5601298DC /* Project object */;
			proxyType = 1;
			remoteGlobalIDString = 3924AC41172125CDB551FBD9;
			remoteInfo = ExileRoute;
		};
/* End PBXContainerItemProxy section */

/* Begin PBXFileReference section */
		00AF4F695CF433FB2FA055E0 /* RouteUpdateServiceTests.swift */ = {isa = PBXFileReference; lastKnownFileType = sourcecode.swift; path = RouteUpdateServiceTests.swift; sourceTree = "<group>"; };
		03B4E9D31656F27AFAE97558 /* act-5.txt */ = {isa = PBXFileReference; lastKnownFileType = text; path = "act-5.txt"; sourceTree = "<group>"; };
		0B0F90EF961C72CFAB9CD0FE /* Cinzel-VariableFont_wght.ttf */ = {isa = PBXFileReference; lastKnownFileType = file; path = "Cinzel-VariableFont_wght.ttf"; sourceTree = "<group>"; };
		0D6597EDCF5E65784A4EE407 /* OverlayView.swift */ = {isa = PBXFileReference; lastKnownFileType = sourcecode.swift; path = OverlayView.swift; sourceTree = "<group>"; };
		0EE617D75BCAFA60DAD3DA4E /* act-7.txt */ = {isa = PBXFileReference; lastKnownFileType = text; path = "act-7.txt"; sourceTree = "<group>"; };
		14F399B0CCFD4B5033D4C2DD /* ExileRouteApp.swift */ = {isa = PBXFileReference; lastKnownFileType = sourcecode.swift; path = ExileRouteApp.swift; sourceTree = "<group>"; };
		18FB073B03C05C7A451BB266 /* RouteParserTests.swift */ = {isa = PBXFileReference; lastKnownFileType = sourcecode.swift; path = RouteParserTests.swift; sourceTree = "<group>"; };
		1C4C6F22A96D7E43AB94F4D0 /* StatusBarController.swift */ = {isa = PBXFileReference; lastKnownFileType = sourcecode.swift; path = StatusBarController.swift; sourceTree = "<group>"; };
		20B63D13F76286B7E6A1E982 /* act-2.txt */ = {isa = PBXFileReference; lastKnownFileType = text; path = "act-2.txt"; sourceTree = "<group>"; };
		25C9889B5BE7391EF121191E /* act-10.txt */ = {isa = PBXFileReference; lastKnownFileType = text; path = "act-10.txt"; sourceTree = "<group>"; };
		287582EAA32640B393F8014F /* GeForceCaptureService.swift */ = {isa = PBXFileReference; lastKnownFileType = sourcecode.swift; path = GeForceCaptureService.swift; sourceTree = "<group>"; };
		37674D32B38E2A9A44980E7A /* SnapshotLoader.swift */ = {isa = PBXFileReference; lastKnownFileType = sourcecode.swift; path = SnapshotLoader.swift; sourceTree = "<group>"; };
		3BDA7262B910217C8212674C /* ProgressionEngineTests.swift */ = {isa = PBXFileReference; lastKnownFileType = sourcecode.swift; path = ProgressionEngineTests.swift; sourceTree = "<group>"; };
		4636E50F0E4570C0A330AE4C /* AppModel.swift */ = {isa = PBXFileReference; lastKnownFileType = sourcecode.swift; path = AppModel.swift; sourceTree = "<group>"; };
		4A2FAA60FFE5AE1DEB1122C1 /* act-9.txt */ = {isa = PBXFileReference; lastKnownFileType = text; path = "act-9.txt"; sourceTree = "<group>"; };
		4B82C5322B3069491DB59541 /* OccultComponents.swift */ = {isa = PBXFileReference; lastKnownFileType = sourcecode.swift; path = OccultComponents.swift; sourceTree = "<group>"; };
		4B9408EEBA8DD715578C1C59 /* act-4.txt */ = {isa = PBXFileReference; lastKnownFileType = text; path = "act-4.txt"; sourceTree = "<group>"; };
		5024E361BE8A8371643DD609 /* ocr-cases.json */ = {isa = PBXFileReference; lastKnownFileType = text.json; path = "ocr-cases.json"; sourceTree = "<group>"; };
		50ADA137C8C7694C7EB2268C /* RouteParser.swift */ = {isa = PBXFileReference; lastKnownFileType = sourcecode.swift; path = RouteParser.swift; sourceTree = "<group>"; };
		5373E9B2423DA2434444016E /* PersistenceStoreTests.swift */ = {isa = PBXFileReference; lastKnownFileType = sourcecode.swift; path = PersistenceStoreTests.swift; sourceTree = "<group>"; };
		5B1725BA02480B51D68F99C3 /* act-1.txt */ = {isa = PBXFileReference; lastKnownFileType = text; path = "act-1.txt"; sourceTree = "<group>"; };
		61CB359F2248E1E03747BF57 /* snapshot-manifest.json */ = {isa = PBXFileReference; lastKnownFileType = text.json; path = "snapshot-manifest.json"; sourceTree = "<group>"; };
		68F14A261244D9DE2016E00B /* quests.json */ = {isa = PBXFileReference; lastKnownFileType = text.json; path = quests.json; sourceTree = "<group>"; };
		71F35C1923493C1995C9E8C4 /* act-3.txt */ = {isa = PBXFileReference; lastKnownFileType = text; path = "act-3.txt"; sourceTree = "<group>"; };
		7300D5DE3C42F848285D08EC /* ExileRouteTests.xctest */ = {isa = PBXFileReference; explicitFileType = wrapper.cfbundle; includeInIndex = 0; path = ExileRouteTests.xctest; sourceTree = BUILT_PRODUCTS_DIR; };
		7B42F7D36D93EE136088161E /* Info.plist */ = {isa = PBXFileReference; lastKnownFileType = text.plist; path = Info.plist; sourceTree = "<group>"; };
		7DB95752AA137C85F80E04F7 /* OverlayPanelController.swift */ = {isa = PBXFileReference; lastKnownFileType = sourcecode.swift; path = OverlayPanelController.swift; sourceTree = "<group>"; };
		820911039C2921F74A474B6D /* RouteUpdateService.swift */ = {isa = PBXFileReference; lastKnownFileType = sourcecode.swift; path = RouteUpdateService.swift; sourceTree = "<group>"; };
		88FBA05AE396FA4D9397C21A /* PersistenceStore.swift */ = {isa = PBXFileReference; lastKnownFileType = sourcecode.swift; path = PersistenceStore.swift; sourceTree = "<group>"; };
		8F018473E49E8C0B9EB7E302 /* GlobalHotKeyManager.swift */ = {isa = PBXFileReference; lastKnownFileType = sourcecode.swift; path = GlobalHotKeyManager.swift; sourceTree = "<group>"; };
		983C8C0F51C1D1E2F5A35E0E /* AreaMatcher.swift */ = {isa = PBXFileReference; lastKnownFileType = sourcecode.swift; path = AreaMatcher.swift; sourceTree = "<group>"; };
		9A375E3BD9165529105C6148 /* ProgressionEngine.swift */ = {isa = PBXFileReference; lastKnownFileType = sourcecode.swift; path = ProgressionEngine.swift; sourceTree = "<group>"; };
		A88FE1B7A9F3DCFC9E5C598E /* BootstrapTests.swift */ = {isa = PBXFileReference; lastKnownFileType = sourcecode.swift; path = BootstrapTests.swift; sourceTree = "<group>"; };
		AA32EA53128F2C0B376F371B /* ExileRoute.app */ = {isa = PBXFileReference; explicitFileType = wrapper.application; includeInIndex = 0; path = ExileRoute.app; sourceTree = BUILT_PRODUCTS_DIR; };
		AECFDAC36928DF67FA358AA2 /* OCRCoordinator.swift */ = {isa = PBXFileReference; lastKnownFileType = sourcecode.swift; path = OCRCoordinator.swift; sourceTree = "<group>"; };
		B471C018B222BDC89EE721BB /* OverlaySnapshotTests.swift */ = {isa = PBXFileReference; lastKnownFileType = sourcecode.swift; path = OverlaySnapshotTests.swift; sourceTree = "<group>"; };
		B4DFFE2E166145DD0A5A6103 /* SettingsView.swift */ = {isa = PBXFileReference; lastKnownFileType = sourcecode.swift; path = SettingsView.swift; sourceTree = "<group>"; };
		B7A271BBAC4401F041113890 /* VisionTextRecognizer.swift */ = {isa = PBXFileReference; lastKnownFileType = sourcecode.swift; path = VisionTextRecognizer.swift; sourceTree = "<group>"; };
		C081A0147FDA70064D923AAB /* areas.json */ = {isa = PBXFileReference; lastKnownFileType = text.json; path = areas.json; sourceTree = "<group>"; };
		C1F1BFF692552AC8E88C6303 /* Theme.swift */ = {isa = PBXFileReference; lastKnownFileType = sourcecode.swift; path = Theme.swift; sourceTree = "<group>"; };
		C63E273738B44F053BF903C9 /* RouteModels.swift */ = {isa = PBXFileReference; lastKnownFileType = sourcecode.swift; path = RouteModels.swift; sourceTree = "<group>"; };
		C8FA100CB4C9D37F749B5300 /* act-8.txt */ = {isa = PBXFileReference; lastKnownFileType = text; path = "act-8.txt"; sourceTree = "<group>"; };
		D48F352004392C73B71C0633 /* RouteImportService.swift */ = {isa = PBXFileReference; lastKnownFileType = sourcecode.swift; path = RouteImportService.swift; sourceTree = "<group>"; };
		D7A5AC59DB8EF7DCB9320598 /* AreaMatcherTests.swift */ = {isa = PBXFileReference; lastKnownFileType = sourcecode.swift; path = AreaMatcherTests.swift; sourceTree = "<group>"; };
		DC49B056A4392A4306C828A9 /* AppDelegate.swift */ = {isa = PBXFileReference; lastKnownFileType = sourcecode.swift; path = AppDelegate.swift; sourceTree = "<group>"; };
		DE1ECF0D84F94BFE670C032B /* GeForceFocusMonitor.swift */ = {isa = PBXFileReference; lastKnownFileType = sourcecode.swift; path = GeForceFocusMonitor.swift; sourceTree = "<group>"; };
		E11C1B2BB9C6CCA274A1CD0E /* RouteImportServiceTests.swift */ = {isa = PBXFileReference; lastKnownFileType = sourcecode.swift; path = RouteImportServiceTests.swift; sourceTree = "<group>"; };
		FC403E9E9FB26E5A0E7693DA /* act-6.txt */ = {isa = PBXFileReference; lastKnownFileType = text; path = "act-6.txt"; sourceTree = "<group>"; };
/* End PBXFileReference section */

/* Begin PBXGroup section */
		0888A6BABF7348261A42ED7E = {
			isa = PBXGroup;
			children = (
				706FB02D33C87A05D134F349 /* ExileRoute */,
				92B3AE1DFB3FFFFA2538FDF4 /* ExileRouteTests */,
				49434DE188042042294E899C /* Products */,
			);
			sourceTree = "<group>";
		};
		185136D3C82C218798B4D5D0 /* Overlay */ = {
			isa = PBXGroup;
			children = (
				7DB95752AA137C85F80E04F7 /* OverlayPanelController.swift */,
				0D6597EDCF5E65784A4EE407 /* OverlayView.swift */,
			);
			path = Overlay;
			sourceTree = "<group>";
		};
		3816C8F85656B91285ECEF5F /* Data */ = {
			isa = PBXGroup;
			children = (
				C081A0147FDA70064D923AAB /* areas.json */,
				68F14A261244D9DE2016E00B /* quests.json */,
			);
			path = Data;
			sourceTree = "<group>";
		};
		3FD51F80C9BAB80E518055E6 /* Core */ = {
			isa = PBXGroup;
			children = (
				9A375E3BD9165529105C6148 /* ProgressionEngine.swift */,
				C63E273738B44F053BF903C9 /* RouteModels.swift */,
				50ADA137C8C7694C7EB2268C /* RouteParser.swift */,
				37674D32B38E2A9A44980E7A /* SnapshotLoader.swift */,
			);
			path = Core;
			sourceTree = "<group>";
		};
		49434DE188042042294E899C /* Products */ = {
			isa = PBXGroup;
			children = (
				AA32EA53128F2C0B376F371B /* ExileRoute.app */,
				7300D5DE3C42F848285D08EC /* ExileRouteTests.xctest */,
			);
			name = Products;
			sourceTree = "<group>";
		};
		6FBA34B2EACC098FD4C4FD9C /* App */ = {
			isa = PBXGroup;
			children = (
				DC49B056A4392A4306C828A9 /* AppDelegate.swift */,
				4636E50F0E4570C0A330AE4C /* AppModel.swift */,
				14F399B0CCFD4B5033D4C2DD /* ExileRouteApp.swift */,
				DE1ECF0D84F94BFE670C032B /* GeForceFocusMonitor.swift */,
				8F018473E49E8C0B9EB7E302 /* GlobalHotKeyManager.swift */,
				B4DFFE2E166145DD0A5A6103 /* SettingsView.swift */,
				1C4C6F22A96D7E43AB94F4D0 /* StatusBarController.swift */,
			);
			path = App;
			sourceTree = "<group>";
		};
		70096872A79A922AD486F6F0 /* Fixtures */ = {
			isa = PBXGroup;
			children = (
				5024E361BE8A8371643DD609 /* ocr-cases.json */,
			);
			path = Fixtures;
			sourceTree = "<group>";
		};
		706FB02D33C87A05D134F349 /* ExileRoute */ = {
			isa = PBXGroup;
			children = (
				7B42F7D36D93EE136088161E /* Info.plist */,
				6FBA34B2EACC098FD4C4FD9C /* App */,
				3FD51F80C9BAB80E518055E6 /* Core */,
				AEB2268E25CD5DC7D00B4070 /* Design */,
				F4ACD2CFD8FF45AC99404437 /* OCR */,
				185136D3C82C218798B4D5D0 /* Overlay */,
				CE5EB0DEB1BB90F09CB339C6 /* Resources */,
				CB132C555FA513F7A46852AB /* Services */,
			);
			path = ExileRoute;
			sourceTree = "<group>";
		};
		795276587F06A74080A11BE7 /* Routes */ = {
			isa = PBXGroup;
			children = (
				5B1725BA02480B51D68F99C3 /* act-1.txt */,
				20B63D13F76286B7E6A1E982 /* act-2.txt */,
				71F35C1923493C1995C9E8C4 /* act-3.txt */,
				4B9408EEBA8DD715578C1C59 /* act-4.txt */,
				03B4E9D31656F27AFAE97558 /* act-5.txt */,
				FC403E9E9FB26E5A0E7693DA /* act-6.txt */,
				0EE617D75BCAFA60DAD3DA4E /* act-7.txt */,
				C8FA100CB4C9D37F749B5300 /* act-8.txt */,
				4A2FAA60FFE5AE1DEB1122C1 /* act-9.txt */,
				25C9889B5BE7391EF121191E /* act-10.txt */,
			);
			path = Routes;
			sourceTree = "<group>";
		};
		92B3AE1DFB3FFFFA2538FDF4 /* ExileRouteTests */ = {
			isa = PBXGroup;
			children = (
				D7A5AC59DB8EF7DCB9320598 /* AreaMatcherTests.swift */,
				A88FE1B7A9F3DCFC9E5C598E /* BootstrapTests.swift */,
				B471C018B222BDC89EE721BB /* OverlaySnapshotTests.swift */,
				5373E9B2423DA2434444016E /* PersistenceStoreTests.swift */,
				3BDA7262B910217C8212674C /* ProgressionEngineTests.swift */,
				E11C1B2BB9C6CCA274A1CD0E /* RouteImportServiceTests.swift */,
				18FB073B03C05C7A451BB266 /* RouteParserTests.swift */,
				00AF4F695CF433FB2FA055E0 /* RouteUpdateServiceTests.swift */,
				70096872A79A922AD486F6F0 /* Fixtures */,
			);
			path = ExileRouteTests;
			sourceTree = "<group>";
		};
		AEB2268E25CD5DC7D00B4070 /* Design */ = {
			isa = PBXGroup;
			children = (
				4B82C5322B3069491DB59541 /* OccultComponents.swift */,
				C1F1BFF692552AC8E88C6303 /* Theme.swift */,
			);
			path = Design;
			sourceTree = "<group>";
		};
		CB132C555FA513F7A46852AB /* Services */ = {
			isa = PBXGroup;
			children = (
				88FBA05AE396FA4D9397C21A /* PersistenceStore.swift */,
				D48F352004392C73B71C0633 /* RouteImportService.swift */,
				820911039C2921F74A474B6D /* RouteUpdateService.swift */,
			);
			path = Services;
			sourceTree = "<group>";
		};
		CE5EB0DEB1BB90F09CB339C6 /* Resources */ = {
			isa = PBXGroup;
			children = (
				61CB359F2248E1E03747BF57 /* snapshot-manifest.json */,
				3816C8F85656B91285ECEF5F /* Data */,
				FDD3A7BDECB6BD41E8B6B2D3 /* Fonts */,
				795276587F06A74080A11BE7 /* Routes */,
			);
			path = Resources;
			sourceTree = "<group>";
		};
		F4ACD2CFD8FF45AC99404437 /* OCR */ = {
			isa = PBXGroup;
			children = (
				983C8C0F51C1D1E2F5A35E0E /* AreaMatcher.swift */,
				287582EAA32640B393F8014F /* GeForceCaptureService.swift */,
				AECFDAC36928DF67FA358AA2 /* OCRCoordinator.swift */,
				B7A271BBAC4401F041113890 /* VisionTextRecognizer.swift */,
			);
			path = OCR;
			sourceTree = "<group>";
		};
		FDD3A7BDECB6BD41E8B6B2D3 /* Fonts */ = {
			isa = PBXGroup;
			children = (
				0B0F90EF961C72CFAB9CD0FE /* Cinzel-VariableFont_wght.ttf */,
			);
			path = Fonts;
			sourceTree = "<group>";
		};
/* End PBXGroup section */

/* Begin PBXNativeTarget section */
		3924AC41172125CDB551FBD9 /* ExileRoute */ = {
			isa = PBXNativeTarget;
			buildConfigurationList = FDAD100E2C09946ED4570080 /* Build configuration list for PBXNativeTarget "ExileRoute" */;
			buildPhases = (
				95EC647C51F6FA06160B197E /* Sources */,
				1C6D146400BF25396F556489 /* Resources */,
			);
			buildRules = (
			);
			dependencies = (
			);
			name = ExileRoute;
			packageProductDependencies = (
			);
			productName = ExileRoute;
			productReference = AA32EA53128F2C0B376F371B /* ExileRoute.app */;
			productType = "com.apple.product-type.application";
		};
		89682078446AF94CA21BECBD /* ExileRouteTests */ = {
			isa = PBXNativeTarget;
			buildConfigurationList = 0E74395B9708D00E4DA3EA10 /* Build configuration list for PBXNativeTarget "ExileRouteTests" */;
			buildPhases = (
				CC6AB999A0A1BAC9D49B203A /* Sources */,
				41F07B7B7EFCEEA3A9B4F330 /* Resources */,
			);
			buildRules = (
			);
			dependencies = (
				967E1B07F85F0493047327A8 /* PBXTargetDependency */,
			);
			name = ExileRouteTests;
			packageProductDependencies = (
			);
			productName = ExileRouteTests;
			productReference = 7300D5DE3C42F848285D08EC /* ExileRouteTests.xctest */;
			productType = "com.apple.product-type.bundle.unit-test";
		};
/* End PBXNativeTarget section */

/* Begin PBXProject section */
		35C7F1E9F89327D5601298DC /* Project object */ = {
			isa = PBXProject;
			attributes = {
				BuildIndependentTargetsInParallel = YES;
				LastUpgradeCheck = 2600;
				TargetAttributes = {
					3924AC41172125CDB551FBD9 = {
						DevelopmentTeam = "";
						ProvisioningStyle = Manual;
					};
					89682078446AF94CA21BECBD = {
						DevelopmentTeam = "";
						ProvisioningStyle = Manual;
					};
				};
			};
			buildConfigurationList = C70F07C86B7D5E9AFAD7E491 /* Build configuration list for PBXProject "ExileRoute" */;
			developmentRegion = en;
			hasScannedForEncodings = 0;
			knownRegions = (
				Base,
				en,
			);
			mainGroup = 0888A6BABF7348261A42ED7E;
			minimizedProjectReferenceProxies = 1;
			preferredProjectObjectVersion = 77;
			productRefGroup = 49434DE188042042294E899C /* Products */;
			projectDirPath = "";
			projectRoot = "";
			targets = (
				3924AC41172125CDB551FBD9 /* ExileRoute */,
				89682078446AF94CA21BECBD /* ExileRouteTests */,
			);
		};
/* End PBXProject section */

/* Begin PBXResourcesBuildPhase section */
		1C6D146400BF25396F556489 /* Resources */ = {
			isa = PBXResourcesBuildPhase;
			buildActionMask = 2147483647;
			files = (
				2159428629C5EB5061216A08 /* Cinzel-VariableFont_wght.ttf in Resources */,
				EB4DC99ADD977AF324BD8C5A /* act-1.txt in Resources */,
				749F518BDA5EC6D02F2D857E /* act-10.txt in Resources */,
				FB6BB8B1A4E3EA1F1F346014 /* act-2.txt in Resources */,
				79509EE0D2D3F8DDA2B6C334 /* act-3.txt in Resources */,
				95BDFA1CAC7DA717BDD686CD /* act-4.txt in Resources */,
				DF792B7E954F605E6868D229 /* act-5.txt in Resources */,
				95785E9CD2866E1833DF4C57 /* act-6.txt in Resources */,
				7ACD4E9701271CCF3C6BEC88 /* act-7.txt in Resources */,
				1E18A8B50678FBF24BC4753F /* act-8.txt in Resources */,
				B8334A3D879296846677FE78 /* act-9.txt in Resources */,
				3FFDB80FE59DB3B25CD43E6D /* areas.json in Resources */,
				AE9E521574CCF5A8CA9EDBEA /* quests.json in Resources */,
				64CAD7084FC2B2D08166C348 /* snapshot-manifest.json in Resources */,
			);
			runOnlyForDeploymentPostprocessing = 0;
		};
		41F07B7B7EFCEEA3A9B4F330 /* Resources */ = {
			isa = PBXResourcesBuildPhase;
			buildActionMask = 2147483647;
			files = (
				03C8B58982768B30DE81155B /* ocr-cases.json in Resources */,
			);
			runOnlyForDeploymentPostprocessing = 0;
		};
/* End PBXResourcesBuildPhase section */

/* Begin PBXSourcesBuildPhase section */
		95EC647C51F6FA06160B197E /* Sources */ = {
			isa = PBXSourcesBuildPhase;
			buildActionMask = 2147483647;
			files = (
				5CD057D3EE50ACE8266AF9C4 /* AppDelegate.swift in Sources */,
				21D062B4D4B589D8860CCB1F /* AppModel.swift in Sources */,
				B533E9F42B0865C3B8D42F52 /* AreaMatcher.swift in Sources */,
				FD0F35F97A876BF8DD0E5D41 /* ExileRouteApp.swift in Sources */,
				94E292B0F4B274DC2F41BF04 /* GeForceCaptureService.swift in Sources */,
				AE5EC64DF352041DF09511C3 /* GeForceFocusMonitor.swift in Sources */,
				978266701530084BE6B655A2 /* GlobalHotKeyManager.swift in Sources */,
				F6DBE02ED14A156F9633E95E /* OCRCoordinator.swift in Sources */,
				E5E76C0FE7C522A698A5FAB2 /* OccultComponents.swift in Sources */,
				7F1B1D8AC646ADC3A29AFC93 /* OverlayPanelController.swift in Sources */,
				B22D81BE6DF535C9D915BEA1 /* OverlayView.swift in Sources */,
				F754413F57174B14D009A1B6 /* PersistenceStore.swift in Sources */,
				551A9A65DC8E98DAC73D9DA9 /* ProgressionEngine.swift in Sources */,
				98B4B523827C0745B8DA8B7B /* RouteImportService.swift in Sources */,
				2ECBF7D81A51887F177BEA81 /* RouteModels.swift in Sources */,
				674297E862D03D071F58E358 /* RouteParser.swift in Sources */,
				8A261A0872CCD3B857A61B04 /* RouteUpdateService.swift in Sources */,
				4089DA0F91132DDCF0A069E6 /* SettingsView.swift in Sources */,
				FF2BFE1E01A6129F2317EF90 /* SnapshotLoader.swift in Sources */,
				02178CD92903D0F2545B0571 /* StatusBarController.swift in Sources */,
				C3473E8DF3C32A9E60F64B87 /* Theme.swift in Sources */,
				EBF4ACF9BFC51C19B70E0692 /* VisionTextRecognizer.swift in Sources */,
			);
			runOnlyForDeploymentPostprocessing = 0;
		};
		CC6AB999A0A1BAC9D49B203A /* Sources */ = {
			isa = PBXSourcesBuildPhase;
			buildActionMask = 2147483647;
			files = (
				BF6DA72A844BE1D7D1C88C0A /* AreaMatcherTests.swift in Sources */,
				781544046908BAED56B330BF /* BootstrapTests.swift in Sources */,
				A929F477D6177130D3DBB85C /* OverlaySnapshotTests.swift in Sources */,
				02C7AD9515D01D6713986320 /* PersistenceStoreTests.swift in Sources */,
				09DDBC455276DC4325A83933 /* ProgressionEngineTests.swift in Sources */,
				1BEF2A479CA08BF96390C8CB /* RouteImportServiceTests.swift in Sources */,
				8B0260AFD54251D986F57C6C /* RouteParserTests.swift in Sources */,
				DF2071E2BF4F9F06FB8EA495 /* RouteUpdateServiceTests.swift in Sources */,
			);
			runOnlyForDeploymentPostprocessing = 0;
		};
/* End PBXSourcesBuildPhase section */

/* Begin PBXTargetDependency section */
		967E1B07F85F0493047327A8 /* PBXTargetDependency */ = {
			isa = PBXTargetDependency;
			target = 3924AC41172125CDB551FBD9 /* ExileRoute */;
			targetProxy = FA7090680200ED7A035FBA38 /* PBXContainerItemProxy */;
		};
/* End PBXTargetDependency section */

/* Begin XCBuildConfiguration section */
		5AD3B5D5B58939D4C05FB249 /* Debug */ = {
			isa = XCBuildConfiguration;
			buildSettings = {
				BUNDLE_LOADER = "$(TEST_HOST)";
				COMBINE_HIDPI_IMAGES = YES;
				GENERATE_INFOPLIST_FILE = YES;
				LD_RUNPATH_SEARCH_PATHS = (
					"$(inherited)",
					"@executable_path/../Frameworks",
					"@loader_path/../Frameworks",
				);
				PRODUCT_BUNDLE_IDENTIFIER = com.swannmace.ExileRouteTests;
				SDKROOT = macosx;
				TEST_HOST = "$(BUILT_PRODUCTS_DIR)/ExileRoute.app/Contents/MacOS/ExileRoute";
			};
			name = Debug;
		};
		61872CA04C854C0DF719B6E7 /* Release */ = {
			isa = XCBuildConfiguration;
			buildSettings = {
				ASSETCATALOG_COMPILER_APPICON_NAME = AppIcon;
				COMBINE_HIDPI_IMAGES = YES;
				INFOPLIST_FILE = ExileRoute/Info.plist;
				LD_RUNPATH_SEARCH_PATHS = (
					"$(inherited)",
					"@executable_path/../Frameworks",
				);
				PRODUCT_BUNDLE_IDENTIFIER = com.swannmace.ExileRoute;
				PRODUCT_NAME = ExileRoute;
				SDKROOT = macosx;
			};
			name = Release;
		};
		999154AFF989B9639548F663 /* Release */ = {
			isa = XCBuildConfiguration;
			buildSettings = {
				ALWAYS_SEARCH_USER_PATHS = NO;
				ARCHS = arm64;
				CLANG_ANALYZER_NONNULL = YES;
				CLANG_ANALYZER_NUMBER_OBJECT_CONVERSION = YES_AGGRESSIVE;
				CLANG_CXX_LANGUAGE_STANDARD = "gnu++14";
				CLANG_CXX_LIBRARY = "libc++";
				CLANG_ENABLE_MODULES = YES;
				CLANG_ENABLE_OBJC_ARC = YES;
				CLANG_ENABLE_OBJC_WEAK = YES;
				CLANG_WARN_BLOCK_CAPTURE_AUTORELEASING = YES;
				CLANG_WARN_BOOL_CONVERSION = YES;
				CLANG_WARN_COMMA = YES;
				CLANG_WARN_CONSTANT_CONVERSION = YES;
				CLANG_WARN_DEPRECATED_OBJC_IMPLEMENTATIONS = YES;
				CLANG_WARN_DIRECT_OBJC_ISA_USAGE = YES_ERROR;
				CLANG_WARN_DOCUMENTATION_COMMENTS = YES;
				CLANG_WARN_EMPTY_BODY = YES;
				CLANG_WARN_ENUM_CONVERSION = YES;
				CLANG_WARN_INFINITE_RECURSION = YES;
				CLANG_WARN_INT_CONVERSION = YES;
				CLANG_WARN_NON_LITERAL_NULL_CONVERSION = YES;
				CLANG_WARN_OBJC_IMPLICIT_RETAIN_SELF = YES;
				CLANG_WARN_OBJC_LITERAL_CONVERSION = YES;
				CLANG_WARN_OBJC_ROOT_CLASS = YES_ERROR;
				CLANG_WARN_QUOTED_INCLUDE_IN_FRAMEWORK_HEADER = YES;
				CLANG_WARN_RANGE_LOOP_ANALYSIS = YES;
				CLANG_WARN_STRICT_PROTOTYPES = YES;
				CLANG_WARN_SUSPICIOUS_MOVE = YES;
				CLANG_WARN_UNGUARDED_AVAILABILITY = YES_AGGRESSIVE;
				CLANG_WARN_UNREACHABLE_CODE = YES;
				CLANG_WARN__DUPLICATE_METHOD_MATCH = YES;
				CODE_SIGN_IDENTITY = "-";
				CODE_SIGN_STYLE = Manual;
				COPY_PHASE_STRIP = NO;
				CURRENT_PROJECT_VERSION = 1;
				DEBUG_INFORMATION_FORMAT = "dwarf-with-dsym";
				DEVELOPMENT_TEAM = "";
				ENABLE_HARDENED_RUNTIME = YES;
				ENABLE_NS_ASSERTIONS = NO;
				ENABLE_STRICT_OBJC_MSGSEND = YES;
				GCC_C_LANGUAGE_STANDARD = gnu11;
				GCC_NO_COMMON_BLOCKS = YES;
				GCC_WARN_64_TO_32_BIT_CONVERSION = YES;
				GCC_WARN_ABOUT_RETURN_TYPE = YES_ERROR;
				GCC_WARN_UNDECLARED_SELECTOR = YES;
				GCC_WARN_UNINITIALIZED_AUTOS = YES_AGGRESSIVE;
				GCC_WARN_UNUSED_FUNCTION = YES;
				GCC_WARN_UNUSED_VARIABLE = YES;
				MACOSX_DEPLOYMENT_TARGET = 15.0;
				MARKETING_VERSION = 1.0.0;
				MTL_ENABLE_DEBUG_INFO = NO;
				MTL_FAST_MATH = YES;
				PRODUCT_NAME = "$(TARGET_NAME)";
				SDKROOT = macosx;
				SWIFT_COMPILATION_MODE = wholemodule;
				SWIFT_OPTIMIZATION_LEVEL = "-O";
				SWIFT_STRICT_CONCURRENCY = complete;
				SWIFT_VERSION = 6.0;
			};
			name = Release;
		};
		9A4795706BACF6B7FC8EA253 /* Release */ = {
			isa = XCBuildConfiguration;
			buildSettings = {
				BUNDLE_LOADER = "$(TEST_HOST)";
				COMBINE_HIDPI_IMAGES = YES;
				GENERATE_INFOPLIST_FILE = YES;
				LD_RUNPATH_SEARCH_PATHS = (
					"$(inherited)",
					"@executable_path/../Frameworks",
					"@loader_path/../Frameworks",
				);
				PRODUCT_BUNDLE_IDENTIFIER = com.swannmace.ExileRouteTests;
				SDKROOT = macosx;
				TEST_HOST = "$(BUILT_PRODUCTS_DIR)/ExileRoute.app/Contents/MacOS/ExileRoute";
			};
			name = Release;
		};
		AC86F6871D20F7538F01301B /* Debug */ = {
			isa = XCBuildConfiguration;
			buildSettings = {
				ALWAYS_SEARCH_USER_PATHS = NO;
				ARCHS = arm64;
				CLANG_ANALYZER_NONNULL = YES;
				CLANG_ANALYZER_NUMBER_OBJECT_CONVERSION = YES_AGGRESSIVE;
				CLANG_CXX_LANGUAGE_STANDARD = "gnu++14";
				CLANG_CXX_LIBRARY = "libc++";
				CLANG_ENABLE_MODULES = YES;
				CLANG_ENABLE_OBJC_ARC = YES;
				CLANG_ENABLE_OBJC_WEAK = YES;
				CLANG_WARN_BLOCK_CAPTURE_AUTORELEASING = YES;
				CLANG_WARN_BOOL_CONVERSION = YES;
				CLANG_WARN_COMMA = YES;
				CLANG_WARN_CONSTANT_CONVERSION = YES;
				CLANG_WARN_DEPRECATED_OBJC_IMPLEMENTATIONS = YES;
				CLANG_WARN_DIRECT_OBJC_ISA_USAGE = YES_ERROR;
				CLANG_WARN_DOCUMENTATION_COMMENTS = YES;
				CLANG_WARN_EMPTY_BODY = YES;
				CLANG_WARN_ENUM_CONVERSION = YES;
				CLANG_WARN_INFINITE_RECURSION = YES;
				CLANG_WARN_INT_CONVERSION = YES;
				CLANG_WARN_NON_LITERAL_NULL_CONVERSION = YES;
				CLANG_WARN_OBJC_IMPLICIT_RETAIN_SELF = YES;
				CLANG_WARN_OBJC_LITERAL_CONVERSION = YES;
				CLANG_WARN_OBJC_ROOT_CLASS = YES_ERROR;
				CLANG_WARN_QUOTED_INCLUDE_IN_FRAMEWORK_HEADER = YES;
				CLANG_WARN_RANGE_LOOP_ANALYSIS = YES;
				CLANG_WARN_STRICT_PROTOTYPES = YES;
				CLANG_WARN_SUSPICIOUS_MOVE = YES;
				CLANG_WARN_UNGUARDED_AVAILABILITY = YES_AGGRESSIVE;
				CLANG_WARN_UNREACHABLE_CODE = YES;
				CLANG_WARN__DUPLICATE_METHOD_MATCH = YES;
				CODE_SIGN_IDENTITY = "-";
				CODE_SIGN_STYLE = Manual;
				COPY_PHASE_STRIP = NO;
				CURRENT_PROJECT_VERSION = 1;
				DEBUG_INFORMATION_FORMAT = dwarf;
				DEVELOPMENT_TEAM = "";
				ENABLE_HARDENED_RUNTIME = YES;
				ENABLE_STRICT_OBJC_MSGSEND = YES;
				ENABLE_TESTABILITY = YES;
				GCC_C_LANGUAGE_STANDARD = gnu11;
				GCC_DYNAMIC_NO_PIC = NO;
				GCC_NO_COMMON_BLOCKS = YES;
				GCC_OPTIMIZATION_LEVEL = 0;
				GCC_PREPROCESSOR_DEFINITIONS = (
					"$(inherited)",
					"DEBUG=1",
				);
				GCC_WARN_64_TO_32_BIT_CONVERSION = YES;
				GCC_WARN_ABOUT_RETURN_TYPE = YES_ERROR;
				GCC_WARN_UNDECLARED_SELECTOR = YES;
				GCC_WARN_UNINITIALIZED_AUTOS = YES_AGGRESSIVE;
				GCC_WARN_UNUSED_FUNCTION = YES;
				GCC_WARN_UNUSED_VARIABLE = YES;
				MACOSX_DEPLOYMENT_TARGET = 15.0;
				MARKETING_VERSION = 1.0.0;
				MTL_ENABLE_DEBUG_INFO = INCLUDE_SOURCE;
				MTL_FAST_MATH = YES;
				ONLY_ACTIVE_ARCH = YES;
				PRODUCT_NAME = "$(TARGET_NAME)";
				SDKROOT = macosx;
				SWIFT_ACTIVE_COMPILATION_CONDITIONS = DEBUG;
				SWIFT_OPTIMIZATION_LEVEL = "-Onone";
				SWIFT_STRICT_CONCURRENCY = complete;
				SWIFT_VERSION = 6.0;
			};
			name = Debug;
		};
		EE51860C39648C5427D47B76 /* Debug */ = {
			isa = XCBuildConfiguration;
			buildSettings = {
				ASSETCATALOG_COMPILER_APPICON_NAME = AppIcon;
				COMBINE_HIDPI_IMAGES = YES;
				INFOPLIST_FILE = ExileRoute/Info.plist;
				LD_RUNPATH_SEARCH_PATHS = (
					"$(inherited)",
					"@executable_path/../Frameworks",
				);
				PRODUCT_BUNDLE_IDENTIFIER = com.swannmace.ExileRoute;
				PRODUCT_NAME = ExileRoute;
				SDKROOT = macosx;
			};
			name = Debug;
		};
/* End XCBuildConfiguration section */

/* Begin XCConfigurationList section */
		0E74395B9708D00E4DA3EA10 /* Build configuration list for PBXNativeTarget "ExileRouteTests" */ = {
			isa = XCConfigurationList;
			buildConfigurations = (
				5AD3B5D5B58939D4C05FB249 /* Debug */,
				9A4795706BACF6B7FC8EA253 /* Release */,
			);
			defaultConfigurationIsVisible = 0;
			defaultConfigurationName = Debug;
		};
		C70F07C86B7D5E9AFAD7E491 /* Build configuration list for PBXProject "ExileRoute" */ = {
			isa = XCConfigurationList;
			buildConfigurations = (
				AC86F6871D20F7538F01301B /* Debug */,
				999154AFF989B9639548F663 /* Release */,
			);
			defaultConfigurationIsVisible = 0;
			defaultConfigurationName = Debug;
		};
		FDAD100E2C09946ED4570080 /* Build configuration list for PBXNativeTarget "ExileRoute" */ = {
			isa = XCConfigurationList;
			buildConfigurations = (
				EE51860C39648C5427D47B76 /* Debug */,
				61872CA04C854C0DF719B6E7 /* Release */,
			);
			defaultConfigurationIsVisible = 0;
			defaultConfigurationName = Debug;
		};
/* End XCConfigurationList section */
	};
	rootObject = 35C7F1E9F89327D5601298DC /* Project object */;
}
